// !$*UTF8*$!
{
	archiveVersion = 1;
	classes = {
	};
	objectVersion = 48;
	objects = {

/* Begin PBXBuildFile section */
		1BE7942520414FA300B6F684 /* AppDelegate.swift in Sources */ = {isa = PBXBuildFile; fileRef = 1BE7942420414FA300B6F684 /* AppDelegate.swift */; };
		1BE7942A20414FA300B6F684 /* Main.storyboard in Resources */ = {isa = PBXBuildFile; fileRef = 1BE7942820414FA300B6F684 /* Main.storyboard */; };
		1BE7942C20414FA300B6F684 /* Assets.xcassets in Resources */ = {isa = PBXBuildFile; fileRef = 1BE7942B20414FA300B6F684 /* Assets.xcassets */; };
		1BE7942F20414FA300B6F684 /* LaunchScreen.storyboard in Resources */ = {isa = PBXBuildFile; fileRef = 1BE7942D20414FA300B6F684 /* LaunchScreen.storyboard */; };
		1BE7943720414FE100B6F684 /* ByLocationVC.swift in Sources */ = {isa = PBXBuildFile; fileRef = 1BE7943620414FE100B6F684 /* ByLocationVC.swift */; };
		1BE7943920414FF700B6F684 /* BySearchVC.swift in Sources */ = {isa = PBXBuildFile; fileRef = 1BE7943820414FF700B6F684 /* BySearchVC.swift */; };
		1BE7943C20416A6300B6F684 /* background.jpg in Resources */ = {isa = PBXBuildFile; fileRef = 1BE7943B20416A6300B6F684 /* background.jpg */; };
/* End PBXBuildFile section */

/* Begin PBXFileReference section */
		1BE7942120414FA300B6F684 /* Clime.app */ = {isa = PBXFileReference; explicitFileType = wrapper.application; includeInIndex = 0; path = Clime.app; sourceTree = BUILT_PRODUCTS_DIR; };
		1BE7942420414FA300B6F684 /* AppDelegate.swift */ = {isa = PBXFileReference; lastKnownFileType = sourcecode.swift; path = AppDelegate.swift; sourceTree = "<group>"; };
		1BE7942920414FA300B6F684 /* Base */ = {isa = PBXFileReference; lastKnownFileType = file.storyboard; name = Base; path = Base.lproj/Main.storyboard; sourceTree = "<group>"; };
		1BE7942B20414FA300B6F684 /* Assets.xcassets */ = {isa = PBXFileReference; lastKnownFileType = folder.assetcatalog; path = Assets.xcassets; sourceTree = "<group>"; };
		1BE7942E20414FA300B6F684 /* Base */ = {isa = PBXFileReference; lastKnownFileType = file.storyboard; name = Base; path = Base.lproj/LaunchScreen.storyboard; sourceTree = "<group>"; };
		1BE7943020414FA300B6F684 /* Info.plist */ = {isa = PBXFileReference; lastKnownFileType = text.plist.xml; path = Info.plist; sourceTree = "<group>"; };
		1BE7943620414FE100B6F684 /* ByLocationVC.swift */ = {isa = PBXFileReference; lastKnownFileType = sourcecode.swift; path = ByLocationVC.swift; sourceTree = "<group>"; };
		1BE7943820414FF700B6F684 /* BySearchVC.swift */ = {isa = PBXFileReference; lastKnownFileType = sourcecode.swift; path = BySearchVC.swift; sourceTree = "<group>"; };
		1BE7943B20416A6300B6F684 /* background.jpg */ = {isa = PBXFileReference; lastKnownFileType = image.jpeg; path = background.jpg; sourceTree = "<group>"; };
/* End PBXFileReference section */

/* Begin PBXFrameworksBuildPhase section */
		1BE7941E20414FA300B6F684 /* Frameworks */ = {
			isa = PBXFrameworksBuildPhase;
			buildActionMask = 2147483647;
			files = (
			);
			runOnlyForDeploymentPostprocessing = 0;
		};
/* End PBXFrameworksBuildPhase section */

/* Begin PBXGroup section */
		1BE7941820414FA300B6F684 = {
			isa = PBXGroup;
			children = (
				1BE7942320414FA300B6F684 /* Clime */,
				1BE7942220414FA300B6F684 /* Products */,
			);
			sourceTree = "<group>";
		};
		1BE7942220414FA300B6F684 /* Products */ = {
			isa = PBXGroup;
			children = (
				1BE7942120414FA300B6F684 /* Clime.app */,
			);
			name = Products;
			sourceTree = "<group>";
		};
		1BE7942320414FA300B6F684 /* Clime */ = {
			isa = PBXGroup;
			children = (
				1BE7942420414FA300B6F684 /* AppDelegate.swift */,
				1BE7942820414FA300B6F684 /* Main.storyboard */,
				1BE7943A2041500900B6F684 /* View Controllers */,
				1BE7942B20414FA300B6F684 /* Assets.xcassets */,
				1BE7942D20414FA300B6F684 /* LaunchScreen.storyboard */,
				1BE7943B20416A6300B6F684 /* background.jpg */,
				1BE7943020414FA300B6F684 /* Info.plist */,
			);
			path = Clime;
			sourceTree = "<group>";
		};
		1BE7943A2041500900B6F684 /* View Controllers */ = {
			isa = PBXGroup;
			children = (
				1BE7943620414FE100B6F684 /* ByLocationVC.swift */,
				1BE7943820414FF700B6F684 /* BySearchVC.swift */,
			);
			path = "View Controllers";
			sourceTree = "<group>";
		};
/* End PBXGroup section */

/* Begin PBXNativeTarget section */
		1BE7942020414FA300B6F684 /* Clime */ = {
			isa = PBXNativeTarget;
			buildConfigurationList = 1BE7943320414FA300B6F684 /* Build configuration list for PBXNativeTarget "Clime" */;
			buildPhases = (
				1BE7941D20414FA300B6F684 /* Sources */,
				1BE7941E20414FA300B6F684 /* Frameworks */,
				1BE7941F20414FA300B6F684 /* Resources */,
			);
			buildRules = (
			);
			dependencies = (
			);
			name = Clime;
			productName = Clime;
			productReference = 1BE7942120414FA300B6F684 /* Clime.app */;
			productType = "com.apple.product-type.application";
		};
/* End PBXNativeTarget section */

/* Begin PBXProject section */
		1BE7941920414FA300B6F684 /* Project object */ = {
			isa = PBXProject;
			attributes = {
				LastSwiftUpdateCheck = 0920;
				LastUpgradeCheck = 0920;
				ORGANIZATIONNAME = Teja;
				TargetAttributes = {
					1BE7942020414FA300B6F684 = {
						CreatedOnToolsVersion = 9.2;
						ProvisioningStyle = Automatic;
					};
				};
			};
			buildConfigurationList = 1BE7941C20414FA300B6F684 /* Build configuration list for PBXProject "Clime" */;
			compatibilityVersion = "Xcode 8.0";
			developmentRegion = en;
			hasScannedForEncodings = 0;
			knownRegions = (
				en,
				Base,
			);
			mainGroup = 1BE7941820414FA300B6F684;
			productRefGroup = 1BE7942220414FA300B6F684 /* Products */;
			projectDirPath = "";
			projectRoot = "";
			targets = (
				1BE7942020414FA300B6F684 /* Clime */,
			);
		};
/* End PBXProject section */

/* Begin PBXResourcesBuildPhase section */
		1BE7941F20414FA300B6F684 /* Resources */ = {
			isa = PBXResourcesBuildPhase;
			buildActionMask = 2147483647;
			files = (
				1BE7943C20416A6300B6F684 /* background.jpg in Resources */,
				1BE7942F20414FA300B6F684 /* LaunchScreen.storyboard in Resources */,
				1BE7942C20414FA300B6F684 /* Assets.xcassets in Resources */,
				1BE7942A20414FA300B6F684 /* Main.storyboard in Resources */,
			);
			runOnlyForDeploymentPostprocessing = 0;
		};
/* End PBXResourcesBuildPhase section */

/* Begin PBXSourcesBuildPhase section */
		1BE7941D20414FA300B6F684 /* Sources */ = {
			isa = PBXSourcesBuildPhase;
			buildActionMask = 2147483647;
			files = (
				1BE7943720414FE100B6F684 /* ByLocationVC.swift in Sources */,
				1BE7943920414FF700B6F684 /* BySearchVC.swift in Sources */,
				1BE7942520414FA300B6F684 /* AppDelegate.swift in Sources */,
			);
			runOnlyForDeploymentPostprocessing = 0;
		};
/* End PBXSourcesBuildPhase section */

/* Begin PBXVariantGroup section */
		1BE7942820414FA300B6F684 /* Main.storyboard */ = {
			isa = PBXVariantGroup;
			children = (
				1BE7942920414FA300B6F684 /* Base */,
			);
			name = Main.storyboard;
			sourceTree = "<group>";
		};
		1BE7942D20414FA300B6F684 /* LaunchScreen.storyboard */ = {
			isa = PBXVariantGroup;
			children = (
				1BE7942E20414FA300B6F684 /* Base */,
			);
			name = LaunchScreen.storyboard;
			sourceTree = "<group>";
		};
/* End PBXVariantGroup section */

/* Begin XCBuildConfiguration section */
		1BE7943120414FA300B6F684 /* Debug */ = {
			isa = XCBuildConfiguration;
			buildSettings = {
				ALWAYS_SEARCH_USER_PATHS = NO;
				CLANG_ANALYZER_NONNULL = YES;
				CLANG_ANALYZER_NUMBER_OBJECT_CONVERSION = YES_AGGRESSIVE;
				CLANG_CXX_LANGUAGE_STANDARD = "gnu++14";
				CLANG_CXX_LIBRARY = "libc++";
				CLANG_ENABLE_MODULES = YES;
				CLANG_ENABLE_OBJC_ARC = YES;
				CLANG_WARN_BLOCK_CAPTURE_AUTORELEASING = YES;
				CLANG_WARN_BOOL_CONVERSION = YES;
				CLANG_WARN_COMMA = YES;
				CLANG_WARN_CONSTANT_CONVERSION = YES;
				CLANG_WARN_DIRECT_OBJC_ISA_USAGE = YES_ERROR;
				CLANG_WARN_DOCUMENTATION_COMMENTS = YES;
				CLANG_WARN_EMPTY_BODY = YES;
				CLANG_WARN_ENUM_CONVERSION = YES;
				CLANG_WARN_INFINITE_RECURSION = YES;
				CLANG_WARN_INT_CONVERSION = YES;
				CLANG_WARN_NON_LITERAL_NULL_CONVERSION = YES;
				CLANG_WARN_OBJC_LITERAL_CONVERSION = YES;
				CLANG_WARN_OBJC_ROOT_CLASS = YES_ERROR;
				CLANG_WARN_RANGE_LOOP_ANALYSIS = YES;
				CLANG_WARN_STRICT_PROTOTYPES = YES;
				CLANG_WARN_SUSPICIOUS_MOVE = YES;
				CLANG_WARN_UNGUARDED_AVAILABILITY = YES_AGGRESSIVE;
				CLANG_WARN_UNREACHABLE_CODE = YES;
				CLANG_WARN__DUPLICATE_METHOD_MATCH = YES;
				CODE_SIGN_IDENTITY = "iPhone Developer";
				COPY_PHASE_STRIP = NO;
				DEBUG_INFORMATION_FORMAT = dwarf;
				ENABLE_STRICT_OBJC_MSGSEND = YES;
				ENABLE_TESTABILITY = YES;
				GCC_C_LANGUAGE_STANDARD = gnu11;
				GCC_DYNAMIC_NO_PIC = NO;
				GCC_NO_COMMON_BLOCKS = YES;
				GCC_OPTIMIZATION_LEVEL = 0;
				GCC_PREPROCESSOR_DEFINITIONS = (
					"DEBUG=1",
					"$(inherited)",
				);
				GCC_WARN_64_TO_32_BIT_CONVERSION = YES;
				GCC_WARN_ABOUT_RETURN_TYPE = YES_ERROR;
				GCC_WARN_UNDECLARED_SELECTOR = YES;
				GCC_WARN_UNINITIALIZED_AUTOS = YES_AGGRESSIVE;
				GCC_WARN_UNUSED_FUNCTION = YES;
				GCC_WARN_UNUSED_VARIABLE = YES;
				IPHONEOS_DEPLOYMENT_TARGET = 11.2;
				MTL_ENABLE_DEBUG_INFO = YES;
				ONLY_ACTIVE_ARCH = YES;
				SDKROOT = iphoneos;
				SWIFT_ACTIVE_COMPILATION_CONDITIONS = DEBUG;
				SWIFT_OPTIMIZATION_LEVEL = "-Onone";
			};
			name = Debug;
		};
		1BE7943220414FA300B6F684 /* Release */ = {
			isa = XCBuildConfiguration;
			buildSettings = {
				ALWAYS_SEARCH_USER_PATHS = NO;
				CLANG_ANALYZER_NONNULL = YES;
				CLANG_ANALYZER_NUMBER_OBJECT_CONVERSION = YES_AGGRESSIVE;
				CLANG_CXX_LANGUAGE_STANDARD = "gnu++14";
				CLANG_CXX_LIBRARY = "libc++";
				CLANG_ENABLE_MODULES = YES;
				CLANG_ENABLE_OBJC_ARC = YES;
				CLANG_WARN_BLOCK_CAPTURE_AUTORELEASING = YES;
				CLANG_WARN_BOOL_CONVERSION = YES;
				CLANG_WARN_COMMA = YES;
				CLANG_WARN_CONSTANT_CONVERSION = YES;
				CLANG_WARN_DIRECT_OBJC_ISA_USAGE = YES_ERROR;
				CLANG_WARN_DOCUMENTATION_COMMENTS = YES;
				CLANG_WARN_EMPTY_BODY = YES;
				CLANG_WARN_ENUM_CONVERSION = YES;
				CLANG_WARN_INFINITE_RECURSION = YES;
				CLANG_WARN_INT_CONVERSION = YES;
				CLANG_WARN_NON_LITERAL_NULL_CONVERSION = YES;
				CLANG_WARN_OBJC_LITERAL_CONVERSION = YES;
				CLANG_WARN_OBJC_ROOT_CLASS = YES_ERROR;
				CLANG_WARN_RANGE_LOOP_ANALYSIS = YES;
				CLANG_WARN_STRICT_PROTOTYPES = YES;
				CLANG_WARN_SUSPICIOUS_MOVE = YES;
				CLANG_WARN_UNGUARDED_AVAILABILITY = YES_AGGRESSIVE;
				CLANG_WARN_UNREACHABLE_CODE = YES;
				CLANG_WARN__DUPLICATE_METHOD_MATCH = YES;
				CODE_SIGN_IDENTITY = "iPhone Developer";
				COPY_PHASE_STRIP = NO;
				DEBUG_INFORMATION_FORMAT = "dwarf-with-dsym";
				ENABLE_NS_ASSERTIONS = NO;
				ENABLE_STRICT_OBJC_MSGSEND = YES;
				GCC_C_LANGUAGE_STANDARD = gnu11;
				GCC_NO_COMMON_BLOCKS = YES;
				GCC_WARN_64_TO_32_BIT_CONVERSION = YES;
				GCC_WARN_ABOUT_RETURN_TYPE = YES_ERROR;
				GCC_WARN_UNDECLARED_SELECTOR = YES;
				GCC_WARN_UNINITIALIZED_AUTOS = YES_AGGRESSIVE;
				GCC_WARN_UNUSED_FUNCTION = YES;
				GCC_WARN_UNUSED_VARIABLE = YES;
				IPHONEOS_DEPLOYMENT_TARGET = 11.2;
				MTL_ENABLE_DEBUG_INFO = NO;
				SDKROOT = iphoneos;
				SWIFT_OPTIMIZATION_LEVEL = "-Owholemodule";
				VALIDATE_PRODUCT = YES;
			};
			name = Release;
		};
		1BE7943420414FA300B6F684 /* Debug */ = {
			isa = XCBuildConfiguration;
			buildSettings = {
				ASSETCATALOG_COMPILER_APPICON_NAME = AppIcon;
				CODE_SIGN_STYLE = Automatic;
				INFOPLIST_FILE = Clime/Info.plist;
				LD_RUNPATH_SEARCH_PATHS = "$(inherited) @executable_path/Frameworks";
				PRODUCT_BUNDLE_IDENTIFIER = teja.Clime;
				PRODUCT_NAME = "$(TARGET_NAME)";
				SWIFT_VERSION = 4.0;
				TARGETED_DEVICE_FAMILY = "1,2";
			};
			name = Debug;
		};
		1BE7943520414FA300B6F684 /* Release */ = {
			isa = XCBuildConfiguration;
			buildSettings = {
				ASSETCATALOG_COMPILER_APPICON_NAME = AppIcon;
				CODE_SIGN_STYLE = Automatic;
				INFOPLIST_FILE = Clime/Info.plist;
				LD_RUNPATH_SEARCH_PATHS = "$(inherited) @executable_path/Frameworks";
				PRODUCT_BUNDLE_IDENTIFIER = teja.Clime;
				PRODUCT_NAME = "$(TARGET_NAME)";
				SWIFT_VERSION = 4.0;
				TARGETED_DEVICE_FAMILY = "1,2";
			};
			name = Release;
		};
/* End XCBuildConfiguration section */

/* Begin XCConfigurationList section */
		1BE7941C20414FA300B6F684 /* Build configuration list for PBXProject "Clime" */ = {
			isa = XCConfigurationList;
			buildConfigurations = (
				1BE7943120414FA300B6F684 /* Debug */,
				1BE7943220414FA300B6F684 /* Release */,
			);
			defaultConfigurationIsVisible = 0;
			defaultConfigurationName = Release;
		};
		1BE7943320414FA300B6F684 /* Build configuration list for PBXNativeTarget "Clime" */ = {
			isa = XCConfigurationList;
			buildConfigurations = (
				1BE7943420414FA300B6F684 /* Debug */,
				1BE7943520414FA300B6F684 /* Release */,
			);
			defaultConfigurationIsVisible = 0;
			defaultConfigurationName = Release;
		};
/* End XCConfigurationList section */
	};
	rootObject = 1BE7941920414FA300B6F684 /* Project object */;
}
